{
  "originHash" : "1d748f2e51ac1987be652591f8c9302e8ce2bedbf477b80afc334c8d8091aae7",
  "pins" : [
    {
      "identity" : "ogg-binary-xcframework",
      "kind" : "remoteSourceControl",
      "location" : "https://github.com/sbooth/ogg-binary-xcframework",
      "state" : {
        "revision" : "48cbf24e7fb5d329b1f5e24cd2e5b048585ff770",
        "version" : "0.1.3"
      }
    },
    {
      "identity" : "opus-binary-xcframework",
      "kind" : "remoteSourceControl",
      "location" : "https://github.com/sbooth/opus-binary-xcframework",
      "state" : {
        "revision" : "8e23828b9d88f0ff1ff2d7c4bcb65739a4bdeff8",
        "version" : "0.3.0"
      }
    },
    {
      "identity" : "tdlibframework",
      "kind" : "remoteSourceControl",
      "location" : "https://github.com/Swiftgram/TDLibFramework",
      "state" : {
        "revision" : "52d0d624cd5b01db0558c9dec3e07148c62ac205",
        "version" : "1.8.64-e0943d06"
      }
    },
    {
      "identity" : "tdlibkit",
      "kind" : "remoteSourceControl",
      "location" : "https://github.com/Swiftgram/TDLibKit",
      "state" : {
        "revision" : "ab8efe524bc0ae0e31793bcbf1db892296d7b1eb",
        "version" : "1.5.2-tdlib-1.8.64-e0943d06"
      }
    }
  ],
  "version" : 3
}
